// !$*UTF8*$!
{
	archiveVersion = 1;
	classes = {
	};
	objectVersion = 77;
	objects = {

/* Begin PBXContainerItemProxy section */
		D895EF6D2DDFE91B0091F4D2 /* PBXContainerItemProxy */ = {
			isa = PBXContainerItemProxy;
			containerPortal = D895EF552DDFE91A0091F4D2 /* Project object */;
			proxyType = 1;
			remoteGlobalIDString = D895EF5C2DDFE91A0091F4D2;
			remoteInfo = "Translation APP";
		};
		D895EF772DDFE91B0091F4D2 /* PBXContainerItemProxy */ = {
			isa = PBXContainerItemProxy;
			containerPortal = D895EF552DDFE91A0091F4D2 /* Project object */;
			proxyType = 1;
			remoteGlobalIDString = D895EF5C2DDFE91A0091F4D2;
			remoteInfo = "Translation APP";
		};
/* End PBXContainerItemProxy section */

/* Begin PBXFileReference section */
		D895EF5D2DDFE91A0091F4D2 /* Translation APP.app */ = {isa = PBXFileReference; explicitFileType = wrapper.application; includeInIndex = 0; path = "Translation APP.app"; sourceTree = BUILT_PRODUCTS_DIR; };
		D895EF6C2DDFE91B0091F4D2 /* Translation APPTests.xctest */ = {isa = PBXFileReference; explicitFileType = wrapper.cfbundle; includeInIndex = 0; path = "Translation APPTests.xctest"; sourceTree = BUILT_PRODUCTS_DIR; };
		D895EF762DDFE91B0091F4D2 /* Translation APPUITests.xctest */ = {isa = PBXFileReference; explicitFileType = wrapper.cfbundle; includeInIndex = 0; path = "Translation APPUITests.xctest"; sourceTree = BUILT_PRODUCTS_DIR; };
/* End PBXFileReference section */

/* Begin PBXFileSystemSynchronizedRootGroup section */
		D895EF5F2DDFE91A0091F4D2 /* Translation APP */ = {
			isa = PBXFileSystemSynchronizedRootGroup;
			path = "Translation APP";
			sourceTree = "<group>";
		};
		D895EF6F2DDFE91B0091F4D2 /* Translation APPTests */ = {
			isa = PBXFileSystemSynchronizedRootGroup;
			path = "Translation APPTests";
			sourceTree = "<group>";
		};
		D895EF792DDFE91B0091F4D2 /* Translation APPUITests */ = {
			isa = PBXFileSystemSynchronizedRootGroup;
			path = "Translation APPUITests";
			sourceTree = "<group>";
		};
/* End PBXFileSystemSynchronizedRootGroup section */

/* Begin PBXFrameworksBuildPhase section */
		D895EF5A2DDFE91A0091F4D2 /* Frameworks */ = {
			isa = PBXFrameworksBuildPhase;
			buildActionMask = 2147483647;
			files = (
			);
			runOnlyForDeploymentPostprocessing = 0;
		};
		D895EF692DDFE91B0091F4D2 /* Frameworks */ = {
			isa = PBXFrameworksBuildPhase;
			buildActionMask = 2147483647;
			files = (
			);
			runOnlyForDeploymentPostprocessing = 0;
		};
		D895EF732DDFE91B0091F4D2 /* Frameworks */ = {
			isa = PBXFrameworksBuildPhase;
			buildActionMask = 2147483647;
			files = (
			);
			runOnlyForDeploymentPostprocessing = 0;
		};
/* End PBXFrameworksBuildPhase section */

/* Begin PBXGroup section */
		D895EF542DDFE9190091F4D2 = {
			isa = PBXGroup;
			children = (
				D895EF5F2DDFE91A0091F4D2 /* Translation APP */,
				D895EF6F2DDFE91B0091F4D2 /* Translation APPTests */,
				D895EF792DDFE91B0091F4D2 /* Translation APPUITests */,
				D895EF5E2DDFE91A0091F4D2 /* Products */,
			);
			sourceTree = "<group>";
		};
		D895EF5E2DDFE91A0091F4D2 /* Products */ = {
			isa = PBXGroup;
			children = (
				D895EF5D2DDFE91A0091F4D2 /* Translation APP.app */,
				D895EF6C2DDFE91B0091F4D2 /* Translation APPTests.xctest */,
				D895EF762DDFE91B0091F4D2 /* Translation APPUITests.xctest */,
			);
			name = Products;
			sourceTree = "<group>";
		};
/* End PBXGroup section */

/* Begin PBXNativeTarget section */
		D895EF5C2DDFE91A0091F4D2 /* Translation APP */ = {
			isa = PBXNativeTarget;
			buildConfigurationList = D895EF802DDFE91B0091F4D2 /* Build configuration list for PBXNativeTarget "Translation APP" */;
			buildPhases = (
				D895EF592DDFE91A0091F4D2 /* Sources */,
				D895EF5A2DDFE91A0091F4D2 /* Frameworks */,
				D895EF5B2DDFE91A0091F4D2 /* Resources */,
			);
			buildRules = (
			);
			dependencies = (
			);
			fileSystemSynchronizedGroups = (
				D895EF5F2DDFE91A0091F4D2 /* Translation APP */,
			);
			name = "Translation APP";
			packageProductDependencies = (
			);
			productName = "Translation APP";
			productReference = D895EF5D2DDFE91A0091F4D2 /* Translation APP.app */;
			productType = "com.apple.product-type.application";
		};
		D895EF6B2DDFE91B0091F4D2 /* Translation APPTests */ = {
			isa = PBXNativeTarget;
			buildConfigurationList = D895EF832DDFE91B0091F4D2 /* Build configuration list for PBXNativeTarget "Translation APPTests" */;
			buildPhases = (
				D895EF682DDFE91B0091F4D2 /* Sources */,
				D895EF692DDFE91B0091F4D2 /* Frameworks */,
				D895EF6A2DDFE91B0091F4D2 /* Resources */,
			);
			buildRules = (
			);
			dependencies = (
				D895EF6E2DDFE91B0091F4D2 /* PBXTargetDependency */,
			);
			fileSystemSynchronizedGroups = (
				D895EF6F2DDFE91B0091F4D2 /* Translation APPTests */,
			);
			name = "Translation APPTests";
			packageProductDependencies = (
			);
			productName = "Translation APPTests";
			productReference = D895EF6C2DDFE91B0091F4D2 /* Translation APPTests.xctest */;
			productType = "com.apple.product-type.bundle.unit-test";
		};
		D895EF752DDFE91B0091F4D2 /* Translation APPUITests */ = {
			isa = PBXNativeTarget;
			buildConfigurationList = D895EF862DDFE91B0091F4D2 /* Build configuration list for PBXNativeTarget "Translation APPUITests" */;
			buildPhases = (
				D895EF722DDFE91B0091F4D2 /* Sources */,
				D895EF732DDFE91B0091F4D2 /* Frameworks */,
				D895EF742DDFE91B0091F4D2 /* Resources */,
			);
			buildRules = (
			);
			dependencies = (
				D895EF782DDFE91B0091F4D2 /* PBXTargetDependency */,
			);
			fileSystemSynchronizedGroups = (
				D895EF792DDFE91B0091F4D2 /* Translation APPUITests */,
			);
			name = "Translation APPUITests";
			packageProductDependencies = (
			);
			productName = "Translation APPUITests";
			productReference = D895EF762DDFE91B0091F4D2 /* Translation APPUITests.xctest */;
			productType = "com.apple.product-type.bundle.ui-testing";
		};
/* End PBXNativeTarget section */

/* Begin PBXProject section */
		D895EF552DDFE91A0091F4D2 /* Project object */ = {
			isa = PBXProject;
			attributes = {
				BuildIndependentTargetsInParallel = 1;
				LastSwiftUpdateCheck = 1630;
				LastUpgradeCheck = 1630;
				TargetAttributes = {
					D895EF5C2DDFE91A0091F4D2 = {
						CreatedOnToolsVersion = 16.3;
					};
					D895EF6B2DDFE91B0091F4D2 = {
						CreatedOnToolsVersion = 16.3;
						TestTargetID = D895EF5C2DDFE91A0091F4D2;
					};
					D895EF752DDFE91B0091F4D2 = {
						CreatedOnToolsVersion = 16.3;
						TestTargetID = D895EF5C2DDFE91A0091F4D2;
					};
				};
			};
			buildConfigurationList = D895EF582DDFE91A0091F4D2 /* Build configuration list for PBXProject "Translation APP" */;
			developmentRegion = en;
			hasScannedForEncodings = 0;
			knownRegions = (
				en,
				Base,
			);
			mainGroup = D895EF542DDFE9190091F4D2;
			minimizedProjectReferenceProxies = 1;
			preferredProjectObjectVersion = 77;
			productRefGroup = D895EF5E2DDFE91A0091F4D2 /* Products */;
			projectDirPath = "";
			projectRoot = "";
			targets = (
				D895EF5C2DDFE91A0091F4D2 /* Translation APP */,
				D895EF6B2DDFE91B0091F4D2 /* Translation APPTests */,
				D895EF752DDFE91B0091F4D2 /* Translation APPUITests */,
			);
		};
/* End PBXProject section */

/* Begin PBXResourcesBuildPhase section */
		D895EF5B2DDFE91A0091F4D2 /* Resources */ = {
			isa = PBXResourcesBuildPhase;
			buildActionMask = 2147483647;
			files = (
			);
			runOnlyForDeploymentPostprocessing = 0;
		};
		D895EF6A2DDFE91B0091F4D2 /* Resources */ = {
			isa = PBXResourcesBuildPhase;
			buildActionMask = 2147483647;
			files = (
			);
			runOnlyForDeploymentPostprocessing = 0;
		};
		D895EF742DDFE91B0091F4D2 /* Resources */ = {
			isa = PBXResourcesBuildPhase;
			buildActionMask = 2147483647;
			files = (
			);
			runOnlyForDeploymentPostprocessing = 0;
		};
/* End PBXResourcesBuildPhase section */

/* Begin PBXSourcesBuildPhase section */
		D895EF592DDFE91A0091F4D2 /* Sources */ = {
			isa = PBXSourcesBuildPhase;
			buildActionMask = 2147483647;
			files = (
			);
			runOnlyForDeploymentPostprocessing = 0;
		};
		D895EF682DDFE91B0091F4D2 /* Sources */ = {
			isa = PBXSourcesBuildPhase;
			buildActionMask = 2147483647;
			files = (
			);
			runOnlyForDeploymentPostprocessing = 0;
		};
		D895EF722DDFE91B0091F4D2 /* Sources */ = {
			isa = PBXSourcesBuildPhase;
			buildActionMask = 2147483647;
			files = (
			);
			runOnlyForDeploymentPostprocessing = 0;
		};
/* End PBXSourcesBuildPhase section */

/* Begin PBXTargetDependency section */
		D895EF6E2DDFE91B0091F4D2 /* PBXTargetDependency */ = {
			isa = PBXTargetDependency;
			target = D895EF5C2DDFE91A0091F4D2 /* Translation APP */;
			targetProxy = D895EF6D2DDFE91B0091F4D2 /* PBXContainerItemProxy */;
		};
		D895EF782DDFE91B0091F4D2 /* PBXTargetDependency */ = {
			isa = PBXTargetDependency;
			target = D895EF5C2DDFE91A0091F4D2 /* Translation APP */;
			targetProxy = D895EF772DDFE91B0091F4D2 /* PBXContainerItemProxy */;
		};
/* End PBXTargetDependency section */

/* Begin XCBuildConfiguration section */
		D895EF7E2DDFE91B0091F4D2 /* Debug */ = {
			isa = XCBuildConfiguration;
			buildSettings = {
				ALWAYS_SEARCH_USER_PATHS = NO;
				ASSETCATALOG_COMPILER_GENERATE_SWIFT_ASSET_SYMBOL_EXTENSIONS = YES;
				CLANG_ANALYZER_NONNULL = YES;
				CLANG_ANALYZER_NUMBER_OBJECT_CONVERSION = YES_AGGRESSIVE;
				CLANG_CXX_LANGUAGE_STANDARD = "gnu++20";
				CLANG_ENABLE_MODULES = YES;
				CLANG_ENABLE_OBJC_ARC = YES;
				CLANG_ENABLE_OBJC_WEAK = YES;
				CLANG_WARN_BLOCK_CAPTURE_AUTORELEASING = YES;
				CLANG_WARN_BOOL_CONVERSION = YES;
				CLANG_WARN_COMMA = YES;
				CLANG_WARN_CONSTANT_CONVERSION = YES;
				CLANG_WARN_DEPRECATED_OBJC_IMPLEMENTATIONS = YES;
				CLANG_WARN_DIRECT_OBJC_ISA_USAGE = YES_ERROR;
				CLANG_WARN_DOCUMENTATION_COMMENTS = YES;
				CLANG_WARN_EMPTY_BODY = YES;
				CLANG_WARN_ENUM_CONVERSION = YES;
				CLANG_WARN_INFINITE_RECURSION = YES;
				CLANG_WARN_INT_CONVERSION = YES;
				CLANG_WARN_NON_LITERAL_NULL_CONVERSION = YES;
				CLANG_WARN_OBJC_IMPLICIT_RETAIN_SELF = YES;
				CLANG_WARN_OBJC_LITERAL_CONVERSION = YES;
				CLANG_WARN_OBJC_ROOT_CLASS = YES_ERROR;
				CLANG_WARN_QUOTED_INCLUDE_IN_FRAMEWORK_HEADER = YES;
				CLANG_WARN_RANGE_LOOP_ANALYSIS = YES;
				CLANG_WARN_STRICT_PROTOTYPES = YES;
				CLANG_WARN_SUSPICIOUS_MOVE = YES;
				CLANG_WARN_UNGUARDED_AVAILABILITY = YES_AGGRESSIVE;
				CLANG_WARN_UNREACHABLE_CODE = YES;
				CLANG_WARN__DUPLICATE_METHOD_MATCH = YES;
				COPY_PHASE_STRIP = NO;
				DEBUG_INFORMATION_FORMAT = dwarf;
				ENABLE_STRICT_OBJC_MSGSEND = YES;
				ENABLE_TESTABILITY = YES;
				ENABLE_USER_SCRIPT_SANDBOXING = YES;
				GCC_C_LANGUAGE_STANDARD = gnu17;
				GCC_DYNAMIC_NO_PIC = NO;
				GCC_NO_COMMON_BLOCKS = YES;
				GCC_OPTIMIZATION_LEVEL = 0;
				GCC_PREPROCESSOR_DEFINITIONS = (
					"DEBUG=1",
					"$(inherited)",
				);
				GCC_WARN_64_TO_32_BIT_CONVERSION = YES;
				GCC_WARN_ABOUT_RETURN_TYPE = YES_ERROR;
				GCC_WARN_UNDECLARED_SELECTOR = YES;
				GCC_WARN_UNINITIALIZED_AUTOS = YES_AGGRESSIVE;
				GCC_WARN_UNUSED_FUNCTION = YES;
				GCC_WARN_UNUSED_VARIABLE = YES;
				IPHONEOS_DEPLOYMENT_TARGET = 18.4;
				LOCALIZATION_PREFERS_STRING_CATALOGS = YES;
				MTL_ENABLE_DEBUG_INFO = INCLUDE_SOURCE;
				MTL_FAST_MATH = YES;
				ONLY_ACTIVE_ARCH = YES;
				SDKROOT = iphoneos;
				SWIFT_ACTIVE_COMPILATION_CONDITIONS = "DEBUG $(inherited)";
				SWIFT_OPTIMIZATION_LEVEL = "-Onone";
			};
			name = Debug;
		};
		D895EF7F2DDFE91B0091F4D2 /* Release */ = {
			isa = XCBuildConfiguration;
			buildSettings = {
				ALWAYS_SEARCH_USER_PATHS = NO;
				ASSETCATALOG_COMPILER_GENERATE_SWIFT_ASSET_SYMBOL_EXTENSIONS = YES;
				CLANG_ANALYZER_NONNULL = YES;
				CLANG_ANALYZER_NUMBER_OBJECT_CONVERSION = YES_AGGRESSIVE;
				CLANG_CXX_LANGUAGE_STANDARD = "gnu++20";
				CLANG_ENABLE_MODULES = YES;
				CLANG_ENABLE_OBJC_ARC = YES;
				CLANG_ENABLE_OBJC_WEAK = YES;
				CLANG_WARN_BLOCK_CAPTURE_AUTORELEASING = YES;
				CLANG_WARN_BOOL_CONVERSION = YES;
				CLANG_WARN_COMMA = YES;
				CLANG_WARN_CONSTANT_CONVERSION = YES;
				CLANG_WARN_DEPRECATED_OBJC_IMPLEMENTATIONS = YES;
				CLANG_WARN_DIRECT_OBJC_ISA_USAGE = YES_ERROR;
				CLANG_WARN_DOCUMENTATION_COMMENTS = YES;
				CLANG_WARN_EMPTY_BODY = YES;
				CLANG_WARN_ENUM_CONVERSION = YES;
				CLANG_WARN_INFINITE_RECURSION = YES;
				CLANG_WARN_INT_CONVERSION = YES;
				CLANG_WARN_NON_LITERAL_NULL_CONVERSION = YES;
				CLANG_WARN_OBJC_IMPLICIT_RETAIN_SELF = YES;
				CLANG_WARN_OBJC_LITERAL_CONVERSION = YES;
				CLANG_WARN_OBJC_ROOT_CLASS = YES_ERROR;
				CLANG_WARN_QUOTED_INCLUDE_IN_FRAMEWORK_HEADER = YES;
				CLANG_WARN_RANGE_LOOP_ANALYSIS = YES;
				CLANG_WARN_STRICT_PROTOTYPES = YES;
				CLANG_WARN_SUSPICIOUS_MOVE = YES;
				CLANG_WARN_UNGUARDED_AVAILABILITY = YES_AGGRESSIVE;
				CLANG_WARN_UNREACHABLE_CODE = YES;
				CLANG_WARN__DUPLICATE_METHOD_MATCH = YES;
				COPY_PHASE_STRIP = NO;
				DEBUG_INFORMATION_FORMAT = "dwarf-with-dsym";
				ENABLE_NS_ASSERTIONS = NO;
				ENABLE_STRICT_OBJC_MSGSEND = YES;
				ENABLE_USER_SCRIPT_SANDBOXING = YES;
				GCC_C_LANGUAGE_STANDARD = gnu17;
				GCC_NO_COMMON_BLOCKS = YES;
				GCC_WARN_64_TO_32_BIT_CONVERSION = YES;
				GCC_WARN_ABOUT_RETURN_TYPE = YES_ERROR;
				GCC_WARN_UNDECLARED_SELECTOR = YES;
				GCC_WARN_UNINITIALIZED_AUTOS = YES_AGGRESSIVE;
				GCC_WARN_UNUSED_FUNCTION = YES;
				GCC_WARN_UNUSED_VARIABLE = YES;
				IPHONEOS_DEPLOYMENT_TARGET = 18.4;
				LOCALIZATION_PREFERS_STRING_CATALOGS = YES;
				MTL_ENABLE_DEBUG_INFO = NO;
				MTL_FAST_MATH = YES;
				SDKROOT = iphoneos;
				SWIFT_COMPILATION_MODE = wholemodule;
				VALIDATE_PRODUCT = YES;
			};
			name = Release;
		};
		D895EF812DDFE91B0091F4D2 /* Debug */ = {
			isa = XCBuildConfiguration;
			buildSettings = {
				ASSETCATALOG_COMPILER_APPICON_NAME = AppIcon;
				ASSETCATALOG_COMPILER_GLOBAL_ACCENT_COLOR_NAME = AccentColor;
				CODE_SIGN_STYLE = Automatic;
				CURRENT_PROJECT_VERSION = 1;
				DEVELOPMENT_TEAM = 44Z67Y72B7;
				ENABLE_PREVIEWS = YES;
				GENERATE_INFOPLIST_FILE = YES;
				INFOPLIST_KEY_UIApplicationSceneManifest_Generation = YES;
				INFOPLIST_KEY_UIApplicationSupportsIndirectInputEvents = YES;
				INFOPLIST_KEY_UILaunchScreen_Generation = YES;
				INFOPLIST_KEY_UISupportedInterfaceOrientations_iPad = "UIInterfaceOrientationPortrait UIInterfaceOrientationPortraitUpsideDown UIInterfaceOrientationLandscapeLeft UIInterfaceOrientationLandscapeRight";
				INFOPLIST_KEY_UISupportedInterfaceOrientations_iPhone = "UIInterfaceOrientationPortrait UIInterfaceOrientationLandscapeLeft UIInterfaceOrientationLandscapeRight";
				LD_RUNPATH_SEARCH_PATHS = (
					"$(inherited)",
					"@executable_path/Frameworks",
				);
				MARKETING_VERSION = 1.0;
				PRODUCT_BUNDLE_IDENTIFIER = "com.rushil.Translation-APP";
				PRODUCT_NAME = "$(TARGET_NAME)";
				SWIFT_EMIT_LOC_STRINGS = YES;
				SWIFT_VERSION = 5.0;
				TARGETED_DEVICE_FAMILY = "1,2";
			};
			name = Debug;
		};
		D895EF822DDFE91B0091F4D2 /* Release */ = {
			isa = XCBuildConfiguration;
			buildSettings = {
				ASSETCATALOG_COMPILER_APPICON_NAME = AppIcon;
				ASSETCATALOG_COMPILER_GLOBAL_ACCENT_COLOR_NAME = AccentColor;
				CODE_SIGN_STYLE = Automatic;
				CURRENT_PROJECT_VERSION = 1;
				DEVELOPMENT_TEAM = 44Z67Y72B7;
				ENABLE_PREVIEWS = YES;
				GENERATE_INFOPLIST_FILE = YES;
				INFOPLIST_KEY_UIApplicationSceneManifest_Generation = YES;
				INFOPLIST_KEY_UIApplicationSupportsIndirectInputEvents = YES;
				INFOPLIST_KEY_UILaunchScreen_Generation = YES;
				INFOPLIST_KEY_UISupportedInterfaceOrientations_iPad = "UIInterfaceOrientationPortrait UIInterfaceOrientationPortraitUpsideDown UIInterfaceOrientationLandscapeLeft UIInterfaceOrientationLandscapeRight";
				INFOPLIST_KEY_UISupportedInterfaceOrientations_iPhone = "UIInterfaceOrientationPortrait UIInterfaceOrientationLandscapeLeft UIInterfaceOrientationLandscapeRight";
				LD_RUNPATH_SEARCH_PATHS = (
					"$(inherited)",
					"@executable_path/Frameworks",
				);
				MARKETING_VERSION = 1.0;
				PRODUCT_BUNDLE_IDENTIFIER = "com.rushil.Translation-APP";
				PRODUCT_NAME = "$(TARGET_NAME)";
				SWIFT_EMIT_LOC_STRINGS = YES;
				SWIFT_VERSION = 5.0;
				TARGETED_DEVICE_FAMILY = "1,2";
			};
			name = Release;
		};
		D895EF842DDFE91B0091F4D2 /* Debug */ = {
			isa = XCBuildConfiguration;
			buildSettings = {
				BUNDLE_LOADER = "$(TEST_HOST)";
				CODE_SIGN_STYLE = Automatic;
				CURRENT_PROJECT_VERSION = 1;
				GENERATE_INFOPLIST_FILE = YES;
				IPHONEOS_DEPLOYMENT_TARGET = 18.4;
				MARKETING_VERSION = 1.0;
				PRODUCT_BUNDLE_IDENTIFIER = "com.rushil.Translation-APPTests";
				PRODUCT_NAME = "$(TARGET_NAME)";
				SWIFT_EMIT_LOC_STRINGS = NO;
				SWIFT_VERSION = 5.0;
				TARGETED_DEVICE_FAMILY = "1,2";
				TEST_HOST = "$(BUILT_PRODUCTS_DIR)/Translation APP.app/$(BUNDLE_EXECUTABLE_FOLDER_PATH)/Translation APP";
			};
			name = Debug;
		};
		D895EF852DDFE91B0091F4D2 /* Release */ = {
			isa = XCBuildConfiguration;
			buildSettings = {
				BUNDLE_LOADER = "$(TEST_HOST)";
				CODE_SIGN_STYLE = Automatic;
				CURRENT_PROJECT_VERSION = 1;
				GENERATE_INFOPLIST_FILE = YES;
				IPHONEOS_DEPLOYMENT_TARGET = 18.4;
				MARKETING_VERSION = 1.0;
				PRODUCT_BUNDLE_IDENTIFIER = "com.rushil.Translation-APPTests";
				PRODUCT_NAME = "$(TARGET_NAME)";
				SWIFT_EMIT_LOC_STRINGS = NO;
				SWIFT_VERSION = 5.0;
				TARGETED_DEVICE_FAMILY = "1,2";
				TEST_HOST = "$(BUILT_PRODUCTS_DIR)/Translation APP.app/$(BUNDLE_EXECUTABLE_FOLDER_PATH)/Translation APP";
			};
			name = Release;
		};
		D895EF872DDFE91B0091F4D2 /* Debug */ = {
			isa = XCBuildConfiguration;
			buildSettings = {
				CODE_SIGN_STYLE = Automatic;
				CURRENT_PROJECT_VERSION = 1;
				GENERATE_INFOPLIST_FILE = YES;
				MARKETING_VERSION = 1.0;
				PRODUCT_BUNDLE_IDENTIFIER = "com.rushil.Translation-APPUITests";
				PRODUCT_NAME = "$(TARGET_NAME)";
				SWIFT_EMIT_LOC_STRINGS = NO;
				SWIFT_VERSION = 5.0;
				TARGETED_DEVICE_FAMILY = "1,2";
				TEST_TARGET_NAME = "Translation APP";
			};
			name = Debug;
		};
		D895EF882DDFE91B0091F4D2 /* Release */ = {
			isa = XCBuildConfiguration;
			buildSettings = {
				CODE_SIGN_STYLE = Automatic;
				CURRENT_PROJECT_VERSION = 1;
				GENERATE_INFOPLIST_FILE = YES;
				MARKETING_VERSION = 1.0;
				PRODUCT_BUNDLE_IDENTIFIER = "com.rushil.Translation-APPUITests";
				PRODUCT_NAME = "$(TARGET_NAME)";
				SWIFT_EMIT_LOC_STRINGS = NO;
				SWIFT_VERSION = 5.0;
				TARGETED_DEVICE_FAMILY = "1,2";
				TEST_TARGET_NAME = "Translation APP";
			};
			name = Release;
		};
/* End XCBuildConfiguration section */

/* Begin XCConfigurationList section */
		D895EF582DDFE91A0091F4D2 /* Build configuration list for PBXProject "Translation APP" */ = {
			isa = XCConfigurationList;
			buildConfigurations = (
				D895EF7E2DDFE91B0091F4D2 /* Debug */,
				D895EF7F2DDFE91B0091F4D2 /* Release */,
			);
			defaultConfigurationIsVisible = 0;
			defaultConfigurationName = Release;
		};
		D895EF802DDFE91B0091F4D2 /* Build configuration list for PBXNativeTarget "Translation APP" */ = {
			isa = XCConfigurationList;
			buildConfigurations = (
				D895EF812DDFE91B0091F4D2 /* Debug */,
				D895EF822DDFE91B0091F4D2 /* Release */,
			);
			defaultConfigurationIsVisible = 0;
			defaultConfigurationName = Release;
		};
		D895EF832DDFE91B0091F4D2 /* Build configuration list for PBXNativeTarget "Translation APPTests" */ = {
			isa = XCConfigurationList;
			buildConfigurations = (
				D895EF842DDFE91B0091F4D2 /* Debug */,
				D895EF852DDFE91B0091F4D2 /* Release */,
			);
			defaultConfigurationIsVisible = 0;
			defaultConfigurationName = Release;
		};
		D895EF862DDFE91B0091F4D2 /* Build configuration list for PBXNativeTarget "Translation APPUITests" */ = {
			isa = XCConfigurationList;
			buildConfigurations = (
				D895EF872DDFE91B0091F4D2 /* Debug */,
				D895EF882DDFE91B0091F4D2 /* Release */,
			);
			defaultConfigurationIsVisible = 0;
			defaultConfigurationName = Release;
		};
/* End XCConfigurationList section */
	};
	rootObject = D895EF552DDFE91A0091F4D2 /* Project object */;
}
